{
  "originHash" : "9ad48380fe460e491119423f78c3aa1ce8defb7ff3589a1951608e4c1b1ef2d5",
  "pins" : [
    {
      "identity" : "highlightr",
      "kind" : "remoteSourceControl",
      "location" : "https://github.com/raspu/Highlightr",
      "state" : {
        "branch" : "master",
        "revision" : "ae9aa92a70e627298e31172124217c000e30fea3"
      }
    },
    {
      "identity" : "latexswiftui",
      "kind" : "remoteSourceControl",
      "location" : "https://github.com/colinc86/LaTeXSwiftUI",
      "state" : {
        "branch" : "main",
        "revision" : "c45e0fd45f64923c49c5904a9f9626bc8939f05f"
      }
    },
    {
      "identity" : "mathjaxswift",
      "kind" : "remoteSourceControl",
      "location" : "https://github.com/colinc86/MathJaxSwift",
      "state" : {
        "revision" : "e23d6eab941da699ac4a60fb0e60f3ba5c937459",
        "version" : "3.4.0"
      }
    },
    {
      "identity" : "swift-cmark",
      "kind" : "remoteSourceControl",
      "location" : "https://github.com/swiftlang/swift-cmark.git",
      "state" : {
        "branch" : "gfm",
        "revision" : "924936d0427cb25a61169739a7660230bffa6ea6"
      }
    },
    {
      "identity" : "swift-html-entities",
      "kind" : "remoteSourceControl",
      "location" : "https://github.com/Kitura/swift-html-entities",
      "state" : {
        "revision" : "d8ca73197f59ce260c71bd6d7f6eb8bbdccf508b",
        "version" : "4.0.1"
      }
    },
    {
      "identity" : "swift-markdown",
      "kind" : "remoteSourceControl",
      "location" : "https://github.com/swiftlang/swift-markdown.git",
      "state" : {
        "branch" : "main",
        "revision" : "55d66d9a9e8d4fd3f48d111b0d437e82fe451903"
      }
    },
    {
      "identity" : "swiftdraw",
      "kind" : "remoteSourceControl",
      "location" : "https://github.com/swhitty/SwiftDraw",
      "state" : {
        "revision" : "9b15cec6c2c5dc7ee32321a7a51883cb179a9da0",
        "version" : "0.26.0"
      }
    }
  ],
  "version" : 3
}
